
Microsoft Visual Studio Solution File, Format Version 12.00
# Visual Studio Version 16
VisualStudioVersion = 16.0.29424.173
MinimumVisualStudioVersion = 10.0.40219.1
Project("{9A19103F-16F7-4668-BE54-9A1E7A4F7556}") = "QuickBuy.Dominio", "QuickBuy.Dominio\QuickBuy.Dominio.csproj", "{74711E68-BD5C-4AA4-9861-1D9774F54806}"
EndProject
Project("{9A19103F-16F7-4668-BE54-9A1E7A4F7556}") = "QuickBuy.Repositorio", "QuickBuy.Repositorio\QuickBuy.Repositorio.csproj", "{8A3E4FBD-EFF5-4C0B-B8E0-844AD9926547}"
EndProject
Project("{FAE04EC0-301F-11D3-BF4B-00C04F79EFBC}") = "QuickBuy.Web", "QuickBuy.Web\QuickBuy.Web.csproj", "{1C6D5D62-3220-490C-9A89-77690B7C2C5D}"
EndProject
Global
	GlobalSection(SolutionConfigurationPlatforms) = preSolution
		Debug|Any CPU = Debug|Any CPU
		Release|Any CPU = Release|Any CPU
	EndGlobalSection
	GlobalSection(ProjectConfigurationPlatforms) = postSolution
		{74711E68-BD5C-4AA4-9861-1D9774F54806}.Debug|Any CPU.ActiveCfg = Debug|Any CPU
		{74711E68-BD5C-4AA4-9861-1D9774F54806}.Debug|Any CPU.Build.0 = Debug|Any CPU
		{74711E68-BD5C-4AA4-9861-1D9774F54806}.Release|Any CPU.ActiveCfg = Release|Any CPU
		{74711E68-BD5C-4AA4-9861-1D9774F54806}.Release|Any CPU.Build.0 = Release|Any CPU
		{8A3E4FBD-EFF5-4C0B-B8E0-844AD9926547}.Debug|Any CPU.ActiveCfg = Debug|Any CPU
		{8A3E4FBD-EFF5-4C0B-B8E0-844AD9926547}.Debug|Any CPU.Build.0 = Debug|Any CPU
		{8A3E4FBD-EFF5-4C0B-B8E0-844AD9926547}.Release|Any CPU.ActiveCfg = Release|Any CPU
		{8A3E4FBD-EFF5-4C0B-B8E0-844AD9926547}.Release|Any CPU.Build.0 = Release|Any CPU
		{1C6D5D62-3220-490C-9A89-77690B7C2C5D}.Debug|Any CPU.ActiveCfg = Debug|Any CPU
		{1C6D5D62-3220-490C-9A89-77690B7C2C5D}.Debug|Any CPU.Build.0 = Debug|Any CPU
		{1C6D5D62-3220-490C-9A89-77690B7C2C5D}.Release|Any CPU.ActiveCfg = Release|Any CPU
		{1C6D5D62-3220-490C-9A89-77690B7C2C5D}.Release|Any CPU.Build.0 = Release|Any CPU
	EndGlobalSection
	GlobalSection(SolutionProperties) = preSolution
		HideSolutionNode = FALSE
	EndGlobalSection
	GlobalSection(ExtensibilityGlobals) = postSolution
		SolutionGuid = {A70CFC7D-30D8-4D2F-92D0-8AD16B2ECF87}
	EndGlobalSection
EndGlobal
